
Microsoft Visual Studio Solution File, Format Version 12.00
# Visual Studio Version 17
VisualStudioVersion = 17.1.32228.430
MinimumVisualStudioVersion = 10.0.40219.1
Project("{9A19103F-16F7-4668-BE54-9A1E7A4F7556}") = "CalculadoraJurosCompostos", "CalculadoraJC\CalculadoraJurosCompostos.csproj", "{CD1EA7F9-1CA3-4D8E-99EC-E412CD300156}"
EndProject
Project("{9A19103F-16F7-4668-BE54-9A1E7A4F7556}") = "CalculadoraJurosCompostosTestes", "CalculadoraJurosCompostosTestes\CalculadoraJurosCompostosTestes.csproj", "{22BB8702-672F-4997-BE62-0C69C5CFBDAE}"
EndProject
Global
	GlobalSection(SolutionConfigurationPlatforms) = preSolution
		Debug|Any CPU = Debug|Any CPU
		Release|Any CPU = Release|Any CPU
	EndGlobalSection
	GlobalSection(ProjectConfigurationPlatforms) = postSolution
		{CD1EA7F9-1CA3-4D8E-99EC-E412CD300156}.Debug|Any CPU.ActiveCfg = Debug|Any CPU
		{CD1EA7F9-1CA3-4D8E-99EC-E412CD300156}.Debug|Any CPU.Build.0 = Debug|Any CPU
		{CD1EA7F9-1CA3-4D8E-99EC-E412CD300156}.Release|Any CPU.ActiveCfg = Release|Any CPU
		{CD1EA7F9-1CA3-4D8E-99EC-E412CD300156}.Release|Any CPU.Build.0 = Release|Any CPU
		{22BB8702-672F-4997-BE62-0C69C5CFBDAE}.Debug|Any CPU.ActiveCfg = Debug|Any CPU
		{22BB8702-672F-4997-BE62-0C69C5CFBDAE}.Debug|Any CPU.Build.0 = Debug|Any CPU
		{22BB8702-672F-4997-BE62-0C69C5CFBDAE}.Release|Any CPU.ActiveCfg = Release|Any CPU
		{22BB8702-672F-4997-BE62-0C69C5CFBDAE}.Release|Any CPU.Build.0 = Release|Any CPU
	EndGlobalSection
	GlobalSection(SolutionProperties) = preSolution
		HideSolutionNode = FALSE
	EndGlobalSection
	GlobalSection(ExtensibilityGlobals) = postSolution
		SolutionGuid = {CC7DF173-41E3-43BD-B8CF-2037FF571EFE}
	EndGlobalSection
EndGlobal
